{
  "name": "loginpro-wa-contingency-starter",
  "version": "1.0.0",
  "lockfileVersion": 3,
  "requires": true,
  "packages": {
    "": {
      "name": "loginpro-wa-contingency-starter",
      "version": "1.0.0",
      "dependencies": {
        "@aws-sdk/client-s3": "^3.866.0",
        "@aws-sdk/s3-request-presigner": "^3.866.0",
        "@prisma/client": "^6.6.0",
        "axios": "^1.9.0",
        "connect-redis": "^8.0.1",
        "ejs": "^3.1.10",
        "exceljs": "^4.4.0",
        "express": "^4.21.2",
        "express-rate-limit": "^7.5.0",
        "express-session": "^1.18.1",
        "ioredis": "^5.6.1",
        "morgan": "^1.10.0",
        "multer": "^1.4.5-lts.1",
        "prisma": "^6.6.0",
        "zod": "^3.24.2"
      },
      "devDependencies": {
        "nodemon": "^3.1.9"
      }
    }
  }
}